
Microsoft Visual Studio Solution File, Format Version 12.00
# Visual Studio Version 16
VisualStudioVersion = 16.0.31112.23
MinimumVisualStudioVersion = 10.0.40219.1
Project("{9A19103F-16F7-4668-BE54-9A1E7A4F7556}") = "netcore-fundamentals-demo", "netcore-fundamentals-demo\netcore-fundamentals-demo.csproj", "{4C98B8D4-1260-4B11-926D-8F0D428859A4}"
EndProject
Project("{FAE04EC0-301F-11D3-BF4B-00C04F79EFBC}") = "netcore-fundamentals-demo.core", "netcore-fundamentals-demo.core\netcore-fundamentals-demo.core.csproj", "{90A7A0C3-1BA6-4C32-936F-CDB9A72F7A28}"
EndProject
Project("{FAE04EC0-301F-11D3-BF4B-00C04F79EFBC}") = "netcore-fundamentals-demo.data", "netcore-fundamentals-demo.data\netcore-fundamentals-demo.data.csproj", "{7349C7A2-50EE-4E18-B9FB-A866A19585EA}"
EndProject
Global
	GlobalSection(SolutionConfigurationPlatforms) = preSolution
		Debug|Any CPU = Debug|Any CPU
		Release|Any CPU = Release|Any CPU
	EndGlobalSection
	GlobalSection(ProjectConfigurationPlatforms) = postSolution
		{4C98B8D4-1260-4B11-926D-8F0D428859A4}.Debug|Any CPU.ActiveCfg = Debug|Any CPU
		{4C98B8D4-1260-4B11-926D-8F0D428859A4}.Debug|Any CPU.Build.0 = Debug|Any CPU
		{4C98B8D4-1260-4B11-926D-8F0D428859A4}.Release|Any CPU.ActiveCfg = Release|Any CPU
		{4C98B8D4-1260-4B11-926D-8F0D428859A4}.Release|Any CPU.Build.0 = Release|Any CPU
		{90A7A0C3-1BA6-4C32-936F-CDB9A72F7A28}.Debug|Any CPU.ActiveCfg = Debug|Any CPU
		{90A7A0C3-1BA6-4C32-936F-CDB9A72F7A28}.Debug|Any CPU.Build.0 = Debug|Any CPU
		{90A7A0C3-1BA6-4C32-936F-CDB9A72F7A28}.Release|Any CPU.ActiveCfg = Release|Any CPU
		{90A7A0C3-1BA6-4C32-936F-CDB9A72F7A28}.Release|Any CPU.Build.0 = Release|Any CPU
		{7349C7A2-50EE-4E18-B9FB-A866A19585EA}.Debug|Any CPU.ActiveCfg = Debug|Any CPU
		{7349C7A2-50EE-4E18-B9FB-A866A19585EA}.Debug|Any CPU.Build.0 = Debug|Any CPU
		{7349C7A2-50EE-4E18-B9FB-A866A19585EA}.Release|Any CPU.ActiveCfg = Release|Any CPU
		{7349C7A2-50EE-4E18-B9FB-A866A19585EA}.Release|Any CPU.Build.0 = Release|Any CPU
	EndGlobalSection
	GlobalSection(SolutionProperties) = preSolution
		HideSolutionNode = FALSE
	EndGlobalSection
	GlobalSection(ExtensibilityGlobals) = postSolution
		SolutionGuid = {F6337A9E-55B8-4F39-8CB4-162067FAB813}
	EndGlobalSection
EndGlobal
